<?xml version="1.0" encoding="UTF-8" standalone="yes" ?>
<CodeBlocks_project_file>
   <FileVersion major="1" minor="6" />
   <Project>
      <Option title="tnt_checksum" />
      <Option makefile_is_custom="1" />
      <Option compiler="gcc" />
      <Option virtualFolders="CMake Files\;CMake Files\cmake\;CMake Files\include\;CMake Files\doc\;CMake Files\doc\www-data.in\;CMake Files\doc\man\;CMake Files\third_party\;CMake Files\third_party\coro\;CMake Files\third_party\gopt\;CMake Files\cfg\;CMake Files\connector\;CMake Files\connector\c\;CMake Files\connector\c\tnt\;CMake Files\connector\c\tntsql\;CMake Files\connector\c\tntnet\;CMake Files\connector\c\tntrpl\;CMake Files\connector\c\include\;CMake Files\src\;CMake Files\src\box\;CMake Files\extra\;CMake Files\client\;CMake Files\client\tarantool_checksum\;CMake Files\test\;CMake Files\test\unit\;CMake Files\test\box\;CMake Files\test\connector_c\;" />
      <Build>
      <Target title="all">
         <Option working_dir="/data/work/tarantool-hashtable-refactoring/client/tarantool_checksum" />
         <Option type="4" />
         <MakeCommands>
            <Build command="/usr/bin/make -f &quot;/data/work/tarantool-hashtable-refactoring/client/tarantool_checksum/Makefile&quot;  VERBOSE=1 all" />
            <CompileFile command="/usr/bin/make -f &quot;/data/work/tarantool-hashtable-refactoring/client/tarantool_checksum/Makefile&quot;  VERBOSE=1 &quot;$file&quot;" />
            <Clean command="/usr/bin/make -f &quot;/data/work/tarantool-hashtable-refactoring/client/tarantool_checksum/Makefile&quot;  VERBOSE=1 clean" />
            <DistClean command="/usr/bin/make -f &quot;/data/work/tarantool-hashtable-refactoring/client/tarantool_checksum/Makefile&quot;  VERBOSE=1 clean" />
         </MakeCommands>
      </Target>
      <Target title="tarantool_checksum">
         <Option output="/data/work/tarantool-hashtable-refactoring/client/tarantool_checksum/tarantool_checksum" prefix_auto="0" extension_auto="0" />
         <Option working_dir="/data/work/tarantool-hashtable-refactoring/client/tarantool_checksum" />
         <Option object_output="./" />
         <Option type="1" />
         <Option compiler="gcc" />
         <Compiler>
            <Add directory="/data/work/tarantool-hashtable-refactoring" />
            <Add directory="/data/work/tarantool-hashtable-refactoring/connector/c/include" />
            <Add directory="/data/work/tarantool-hashtable-refactoring/include" />
            <Add directory="/data/work/tarantool-hashtable-refactoring/third_party/libobjc" />
            <Add directory="/data/work/tarantool-hashtable-refactoring/third_party/luajit/src" />
            <Add directory="/usr/include" />
            <Add directory="/usr/include/c++/4.7" />
            <Add directory="/usr/include/c++/4.7/backward" />
            <Add directory="/usr/include/c++/4.7/x86_64-linux-gnu" />
            <Add directory="/usr/include/x86_64-linux-gnu" />
            <Add directory="/usr/lib/gcc/x86_64-linux-gnu/4.7/include" />
            <Add directory="/usr/lib/gcc/x86_64-linux-gnu/4.7/include-fixed" />
            <Add directory="/usr/local/include" />
         </Compiler>
         <MakeCommands>
            <Build command="/usr/bin/make -f &quot;/data/work/tarantool-hashtable-refactoring/client/tarantool_checksum/Makefile&quot;  VERBOSE=1 tarantool_checksum" />
            <CompileFile command="/usr/bin/make -f &quot;/data/work/tarantool-hashtable-refactoring/client/tarantool_checksum/Makefile&quot;  VERBOSE=1 &quot;$file&quot;" />
            <Clean command="/usr/bin/make -f &quot;/data/work/tarantool-hashtable-refactoring/client/tarantool_checksum/Makefile&quot;  VERBOSE=1 clean" />
            <DistClean command="/usr/bin/make -f &quot;/data/work/tarantool-hashtable-refactoring/client/tarantool_checksum/Makefile&quot;  VERBOSE=1 clean" />
         </MakeCommands>
      </Target>
      <Target title="tarantool_checksum/fast">
         <Option output="/data/work/tarantool-hashtable-refactoring/client/tarantool_checksum/tarantool_checksum" prefix_auto="0" extension_auto="0" />
         <Option working_dir="/data/work/tarantool-hashtable-refactoring/client/tarantool_checksum" />
         <Option object_output="./" />
         <Option type="1" />
         <Option compiler="gcc" />
         <Compiler>
            <Add directory="/data/work/tarantool-hashtable-refactoring" />
            <Add directory="/data/work/tarantool-hashtable-refactoring/connector/c/include" />
            <Add directory="/data/work/tarantool-hashtable-refactoring/include" />
            <Add directory="/data/work/tarantool-hashtable-refactoring/third_party/libobjc" />
            <Add directory="/data/work/tarantool-hashtable-refactoring/third_party/luajit/src" />
            <Add directory="/usr/include" />
            <Add directory="/usr/include/c++/4.7" />
            <Add directory="/usr/include/c++/4.7/backward" />
            <Add directory="/usr/include/c++/4.7/x86_64-linux-gnu" />
            <Add directory="/usr/include/x86_64-linux-gnu" />
            <Add directory="/usr/lib/gcc/x86_64-linux-gnu/4.7/include" />
            <Add directory="/usr/lib/gcc/x86_64-linux-gnu/4.7/include-fixed" />
            <Add directory="/usr/local/include" />
         </Compiler>
         <MakeCommands>
            <Build command="/usr/bin/make -f &quot;/data/work/tarantool-hashtable-refactoring/client/tarantool_checksum/Makefile&quot;  VERBOSE=1 tarantool_checksum/fast" />
            <CompileFile command="/usr/bin/make -f &quot;/data/work/tarantool-hashtable-refactoring/client/tarantool_checksum/Makefile&quot;  VERBOSE=1 &quot;$file&quot;" />
            <Clean command="/usr/bin/make -f &quot;/data/work/tarantool-hashtable-refactoring/client/tarantool_checksum/Makefile&quot;  VERBOSE=1 clean" />
            <DistClean command="/usr/bin/make -f &quot;/data/work/tarantool-hashtable-refactoring/client/tarantool_checksum/Makefile&quot;  VERBOSE=1 clean" />
         </MakeCommands>
      </Target>
      </Build>
      <Unit filename="/data/work/tarantool-hashtable-refactoring/client/tarantool_checksum/tc_config.c">
      </Unit>
      <Unit filename="/data/work/tarantool-hashtable-refactoring/client/tarantool_checksum/tc_file.c">
      </Unit>
      <Unit filename="/data/work/tarantool-hashtable-refactoring/client/tarantool_checksum/tc_generate.c">
      </Unit>
      <Unit filename="/data/work/tarantool-hashtable-refactoring/client/tarantool_checksum/tc_main.c">
      </Unit>
      <Unit filename="/data/work/tarantool-hashtable-refactoring/client/tarantool_checksum/tc_options.c">
      </Unit>
      <Unit filename="/data/work/tarantool-hashtable-refactoring/client/tarantool_checksum/tc_space.c">
      </Unit>
      <Unit filename="/data/work/tarantool-hashtable-refactoring/client/tarantool_checksum/tc_verify.c">
      </Unit>
      <Unit filename="/data/work/tarantool-hashtable-refactoring/client/tarantool_checksum/tc_config.h">
      </Unit>
      <Unit filename="/data/work/tarantool-hashtable-refactoring/client/tarantool_checksum/tc_file.h">
      </Unit>
      <Unit filename="/data/work/tarantool-hashtable-refactoring/client/tarantool_checksum/tc_generate.h">
      </Unit>
      <Unit filename="/data/work/tarantool-hashtable-refactoring/client/tarantool_checksum/tc_options.h">
      </Unit>
      <Unit filename="/data/work/tarantool-hashtable-refactoring/client/tarantool_checksum/tc_space.h">
      </Unit>
      <Unit filename="/data/work/tarantool-hashtable-refactoring/client/tarantool_checksum/tc_verify.h">
      </Unit>
      <Unit filename="/data/work/tarantool-hashtable-refactoring/CMakeLists.txt">
          <Option virtualFolder="CMake Files\" />
      </Unit>
      <Unit filename="/data/work/tarantool-hashtable-refactoring/cmake/arch.cmake">
          <Option virtualFolder="CMake Files\cmake\" />
      </Unit>
      <Unit filename="/data/work/tarantool-hashtable-refactoring/cmake/os.cmake">
          <Option virtualFolder="CMake Files\cmake\" />
      </Unit>
      <Unit filename="/data/work/tarantool-hashtable-refactoring/cmake/compiler.cmake">
          <Option virtualFolder="CMake Files\cmake\" />
      </Unit>
      <Unit filename="/data/work/tarantool-hashtable-refactoring/cmake/check_objective_c_compiler.cmake">
          <Option virtualFolder="CMake Files\cmake\" />
      </Unit>
      <Unit filename="/data/work/tarantool-hashtable-refactoring/cmake/libobjc.cmake">
          <Option virtualFolder="CMake Files\cmake\" />
      </Unit>
      <Unit filename="/data/work/tarantool-hashtable-refactoring/cmake/luajit.cmake">
          <Option virtualFolder="CMake Files\cmake\" />
      </Unit>
      <Unit filename="/data/work/tarantool-hashtable-refactoring/cmake/cpack.cmake">
          <Option virtualFolder="CMake Files\cmake\" />
      </Unit>
      <Unit filename="/data/work/tarantool-hashtable-refactoring/include/config.h.cmake">
          <Option virtualFolder="CMake Files\include\" />
      </Unit>
      <Unit filename="/data/work/tarantool-hashtable-refactoring/doc/tnt.ent.cmake">
          <Option virtualFolder="CMake Files\doc\" />
      </Unit>
      <Unit filename="/data/work/tarantool-hashtable-refactoring/doc/CMakeLists.txt">
          <Option virtualFolder="CMake Files\doc\" />
      </Unit>
      <Unit filename="/data/work/tarantool-hashtable-refactoring/doc/www-data.in/download.cmake">
          <Option virtualFolder="CMake Files\doc\www-data.in\" />
      </Unit>
      <Unit filename="/data/work/tarantool-hashtable-refactoring/doc/www-data.in/CMakeLists.txt">
          <Option virtualFolder="CMake Files\doc\www-data.in\" />
      </Unit>
      <Unit filename="/data/work/tarantool-hashtable-refactoring/doc/man/CMakeLists.txt">
          <Option virtualFolder="CMake Files\doc\man\" />
      </Unit>
      <Unit filename="/data/work/tarantool-hashtable-refactoring/third_party/CMakeLists.txt">
          <Option virtualFolder="CMake Files\third_party\" />
      </Unit>
      <Unit filename="/data/work/tarantool-hashtable-refactoring/third_party/coro/CMakeLists.txt">
          <Option virtualFolder="CMake Files\third_party\coro\" />
      </Unit>
      <Unit filename="/data/work/tarantool-hashtable-refactoring/third_party/gopt/CMakeLists.txt">
          <Option virtualFolder="CMake Files\third_party\gopt\" />
      </Unit>
      <Unit filename="/data/work/tarantool-hashtable-refactoring/cfg/CMakeLists.txt">
          <Option virtualFolder="CMake Files\cfg\" />
      </Unit>
      <Unit filename="/data/work/tarantool-hashtable-refactoring/connector/CMakeLists.txt">
          <Option virtualFolder="CMake Files\connector\" />
      </Unit>
      <Unit filename="/data/work/tarantool-hashtable-refactoring/connector/c/CMakeLists.txt">
          <Option virtualFolder="CMake Files\connector\c\" />
      </Unit>
      <Unit filename="/data/work/tarantool-hashtable-refactoring/connector/c/tnt/CMakeLists.txt">
          <Option virtualFolder="CMake Files\connector\c\tnt\" />
      </Unit>
      <Unit filename="/data/work/tarantool-hashtable-refactoring/connector/c/tnt/CMakeLists.txt">
          <Option virtualFolder="CMake Files\connector\c\tnt\" />
      </Unit>
      <Unit filename="/data/work/tarantool-hashtable-refactoring/connector/c/tntsql/CMakeLists.txt">
          <Option virtualFolder="CMake Files\connector\c\tntsql\" />
      </Unit>
      <Unit filename="/data/work/tarantool-hashtable-refactoring/connector/c/tntsql/CMakeLists.txt">
          <Option virtualFolder="CMake Files\connector\c\tntsql\" />
      </Unit>
      <Unit filename="/data/work/tarantool-hashtable-refactoring/connector/c/tntnet/CMakeLists.txt">
          <Option virtualFolder="CMake Files\connector\c\tntnet\" />
      </Unit>
      <Unit filename="/data/work/tarantool-hashtable-refactoring/connector/c/tntnet/CMakeLists.txt">
          <Option virtualFolder="CMake Files\connector\c\tntnet\" />
      </Unit>
      <Unit filename="/data/work/tarantool-hashtable-refactoring/connector/c/tntrpl/CMakeLists.txt">
          <Option virtualFolder="CMake Files\connector\c\tntrpl\" />
      </Unit>
      <Unit filename="/data/work/tarantool-hashtable-refactoring/connector/c/tntrpl/CMakeLists.txt">
          <Option virtualFolder="CMake Files\connector\c\tntrpl\" />
      </Unit>
      <Unit filename="/data/work/tarantool-hashtable-refactoring/connector/c/include/CMakeLists.txt">
          <Option virtualFolder="CMake Files\connector\c\include\" />
      </Unit>
      <Unit filename="/data/work/tarantool-hashtable-refactoring/src/CMakeLists.txt">
          <Option virtualFolder="CMake Files\src\" />
      </Unit>
      <Unit filename="/data/work/tarantool-hashtable-refactoring/src/box/CMakeLists.txt">
          <Option virtualFolder="CMake Files\src\box\" />
      </Unit>
      <Unit filename="/data/work/tarantool-hashtable-refactoring/extra/CMakeLists.txt">
          <Option virtualFolder="CMake Files\extra\" />
      </Unit>
      <Unit filename="/data/work/tarantool-hashtable-refactoring/client/CMakeLists.txt">
          <Option virtualFolder="CMake Files\client\" />
      </Unit>
      <Unit filename="/data/work/tarantool-hashtable-refactoring/client/tarantool_checksum/CMakeLists.txt">
          <Option virtualFolder="CMake Files\client\tarantool_checksum\" />
      </Unit>
      <Unit filename="/data/work/tarantool-hashtable-refactoring/client/tarantool_checksum/CMakeLists.txt">
          <Option virtualFolder="CMake Files\client\tarantool_checksum\" />
      </Unit>
      <Unit filename="/data/work/tarantool-hashtable-refactoring/test/CMakeLists.txt">
          <Option virtualFolder="CMake Files\test\" />
      </Unit>
      <Unit filename="/data/work/tarantool-hashtable-refactoring/test/unit/CMakeLists.txt">
          <Option virtualFolder="CMake Files\test\unit\" />
      </Unit>
      <Unit filename="/data/work/tarantool-hashtable-refactoring/test/box/CMakeLists.txt">
          <Option virtualFolder="CMake Files\test\box\" />
      </Unit>
      <Unit filename="/data/work/tarantool-hashtable-refactoring/test/connector_c/CMakeLists.txt">
          <Option virtualFolder="CMake Files\test\connector_c\" />
      </Unit>
   </Project>
</CodeBlocks_project_file>
